
Microsoft Visual Studio Solution File, Format Version 12.00
# Visual Studio Version 16
VisualStudioVersion = 16.0.30611.23
MinimumVisualStudioVersion = 10.0.40219.1
Project("{FAE04EC0-301F-11D3-BF4B-00C04F79EFBC}") = "AmortizationCalculatorApp", "AmortizationCalculatorApp\AmortizationCalculatorApp.csproj", "{356F81AA-9608-434A-AD61-EDE082EB7FCA}"
EndProject
Global
	GlobalSection(SolutionConfigurationPlatforms) = preSolution
		Debug|Any CPU = Debug|Any CPU
		Release|Any CPU = Release|Any CPU
	EndGlobalSection
	GlobalSection(ProjectConfigurationPlatforms) = postSolution
		{356F81AA-9608-434A-AD61-EDE082EB7FCA}.Debug|Any CPU.ActiveCfg = Debug|Any CPU
		{356F81AA-9608-434A-AD61-EDE082EB7FCA}.Debug|Any CPU.Build.0 = Debug|Any CPU
		{356F81AA-9608-434A-AD61-EDE082EB7FCA}.Release|Any CPU.ActiveCfg = Release|Any CPU
		{356F81AA-9608-434A-AD61-EDE082EB7FCA}.Release|Any CPU.Build.0 = Release|Any CPU
	EndGlobalSection
	GlobalSection(SolutionProperties) = preSolution
		HideSolutionNode = FALSE
	EndGlobalSection
	GlobalSection(ExtensibilityGlobals) = postSolution
		SolutionGuid = {AB3B6E7D-6142-43A2-A3AF-24CA2CB29669}
	EndGlobalSection
EndGlobal
